# This file is automatically @generated by Poetry 1.6.1 and should not be changed by hand.

[[package]]
name = "customtkinter"
version = "5.2.1"
description = "Create modern looking GUIs with Python"
optional = false
python-versions = ">=3.7"
files = [
    {file = "customtkinter-5.2.1-py3-none-any.whl", hash = "sha256:8a284d035ccd5537730bc83816bf6c456538ae81594749a946c86470cab6e87b"},
    {file = "customtkinter-5.2.1.tar.gz", hash = "sha256:eddc1c416063e1ce1aa2793959b0814e95e22d3de3f2a940bd84828f7301f555"},
]

[package.dependencies]
darkdetect = "*"

[[package]]
name = "darkdetect"
version = "0.8.0"
description = "Detect OS Dark Mode from Python"
optional = false
python-versions = ">=3.6"
files = [
    {file = "darkdetect-0.8.0-py3-none-any.whl", hash = "sha256:a7509ccf517eaad92b31c214f593dbcf138ea8a43b2935406bbd565e15527a85"},
    {file = "darkdetect-0.8.0.tar.gz", hash = "sha256:b5428e1170263eb5dea44c25dc3895edd75e6f52300986353cd63533fe7df8b1"},
]

[package.extras]
macos-listener = ["pyobjc-framework-Cocoa"]

[[package]]
name = "packaging"
version = "23.2"
description = "Core utilities for Python packages"
optional = false
python-versions = ">=3.7"
files = [
    {file = "packaging-23.2-py3-none-any.whl", hash = "sha256:8c491190033a9af7e1d931d0b5dacc2ef47509b34dd0de67ed209b5203fc88c7"},
    {file = "packaging-23.2.tar.gz", hash = "sha256:048fb0e9405036518eaaf48a55953c750c11e1a1b68e0dd1a9d62ed0c092cfc5"},
]

[[package]]
name = "pycairo"
version = "1.25.1"
description = "Python interface for cairo"
optional = false
python-versions = ">=3.8"
files = [
    {file = "pycairo-1.25.1-cp310-cp310-win32.whl", hash = "sha256:cacb5c2abbfdfc79c728ab261ff791511e4957b606c660f9b380975b678b728f"},
    {file = "pycairo-1.25.1-cp310-cp310-win_amd64.whl", hash = "sha256:109ebbeb5bbc510b726fc31251071264dec241e5084d0668f846d7e17e5af8e0"},
    {file = "pycairo-1.25.1-cp310-cp310-win_arm64.whl", hash = "sha256:b19269a8bf9ab5e3c617f2699bed00977fd02ff304339a233654456c0236f7c6"},
    {file = "pycairo-1.25.1-cp311-cp311-win32.whl", hash = "sha256:b10e58a3ce41e487aae15050b630742e880d4135cee7a69cee2c0ea2a0b4bd0a"},
    {file = "pycairo-1.25.1-cp311-cp311-win_amd64.whl", hash = "sha256:fcf5511b05a652a0ef87f626bf26bfc1b796a67f0d1bd40781c62986fb41c356"},
    {file = "pycairo-1.25.1-cp311-cp311-win_arm64.whl", hash = "sha256:4133ba3ef6d875aa1b16643dc0801846f463b8e78750f5308c41902dfeac5b9a"},
    {file = "pycairo-1.25.1-cp312-cp312-win32.whl", hash = "sha256:56fee2837a07ecd914f4fbf78ff59445f78becd658fe36125101925dd489eb94"},
    {file = "pycairo-1.25.1-cp312-cp312-win_amd64.whl", hash = "sha256:fb31eec2c41ec74e23dc0fc9feb4007b4c37f78ec76220ed92530b342e09821a"},
    {file = "pycairo-1.25.1-cp312-cp312-win_arm64.whl", hash = "sha256:27011d822952d7817130fc17f490de94328590bc8d45bdbca9ec4a47039fca22"},
    {file = "pycairo-1.25.1-cp38-cp38-win32.whl", hash = "sha256:9a7c5ed92fe87f60e9796777d5255f2df2deeb8ab1e3c296e67a1d8c9790808c"},
    {file = "pycairo-1.25.1-cp38-cp38-win_amd64.whl", hash = "sha256:48603ad31616140ad6fa097f13086d0ce8f29ead35ad6a215962f3b0496a5a70"},
    {file = "pycairo-1.25.1-cp39-cp39-win32.whl", hash = "sha256:97666c084e9eb1c08c7fd6d306d153767acdf03c0d80349ec55863cecd4138e0"},
    {file = "pycairo-1.25.1-cp39-cp39-win_amd64.whl", hash = "sha256:ac5437d140eccd97af12a618cc1ace0d9a85f1269f29e963751949f132828b21"},
    {file = "pycairo-1.25.1-cp39-cp39-win_arm64.whl", hash = "sha256:bda5d10adbf1f5eba6b524b5a70ccf7f659680b77e691ff94b312f25a6fcc91f"},
    {file = "pycairo-1.25.1.tar.gz", hash = "sha256:7e2be4fbc3b4536f16db7a11982cbf713e75069a4d73d44fe5a49b68423f5c0c"},
]

[[package]]
name = "pygobject"
version = "3.46.0"
description = "Python bindings for GObject Introspection"
optional = false
python-versions = ">=3.8, <4"
files = [
    {file = "PyGObject-3.46.0.tar.gz", hash = "sha256:481437b05af0a66b7c366ea052710eb3aacbb979d22d30b797f7ec29347ab1e6"},
]

[package.dependencies]
pycairo = ">=1.16,<2.0"

[[package]]
name = "pyqt5-qt5"
version = "5.15.2"
description = "The subset of a Qt installation needed by PyQt5."
optional = false
python-versions = "*"
files = [
    {file = "PyQt5_Qt5-5.15.2-py3-none-macosx_10_13_intel.whl", hash = "sha256:76980cd3d7ae87e3c7a33bfebfaee84448fd650bad6840471d6cae199b56e154"},
    {file = "PyQt5_Qt5-5.15.2-py3-none-manylinux2014_x86_64.whl", hash = "sha256:1988f364ec8caf87a6ee5d5a3a5210d57539988bf8e84714c7d60972692e2f4a"},
    {file = "PyQt5_Qt5-5.15.2-py3-none-win32.whl", hash = "sha256:9cc7a768b1921f4b982ebc00a318ccb38578e44e45316c7a4a850e953e1dd327"},
    {file = "PyQt5_Qt5-5.15.2-py3-none-win_amd64.whl", hash = "sha256:750b78e4dba6bdf1607febedc08738e318ea09e9b10aea9ff0d73073f11f6962"},
]

[[package]]
name = "pytube"
version = "15.0.0"
description = "Python 3 library for downloading YouTube Videos."
optional = false
python-versions = ">=3.7"
files = [
    {file = "pytube-15.0.0-py3-none-any.whl", hash = "sha256:07b9904749e213485780d7eb606e5e5b8e4341aa4dccf699160876da00e12d78"},
    {file = "pytube-15.0.0.tar.gz", hash = "sha256:076052efe76f390dfa24b1194ff821d4e86c17d41cb5562f3a276a8bcbfc9d1d"},
]

[[package]]
name = "tk"
version = "0.1.0"
description = "TensorKit is a deep learning helper between Python and C++."
optional = false
python-versions = "*"
files = [
    {file = "tk-0.1.0-py3-none-any.whl", hash = "sha256:703a69ff0d5ba2bd2f7440582ad10160e4a6561595d33457dc6caa79b9bf4930"},
    {file = "tk-0.1.0.tar.gz", hash = "sha256:60bc8923d5d35f67f5c6bd93d4f0c49d2048114ec077768f959aef36d4ed97f8"},
]

[metadata]
lock-version = "2.0"
python-versions = "^3.10"
content-hash = "9762ff131666f249bb4003254810e1432025fea67e5e03c119481da5a124be62"
